{
  "name": "Atomize",
  "version": "1.2.1",
  "lockfileVersion": 1,
  "requires": true,
  "dependencies": {
    "@types/estree": {
      "version": "0.0.39",
      "resolved": "https://registry.npmjs.org/@types/estree/-/estree-0.0.39.tgz",
      "integrity": "sha512-EYNwp3bU+98cpU4lAWYYL7Zz+2gryWH1qbdDTidVd6hkiR6weksdbMadyXKXNPEkQFhXM+hVO9ZygomHXp+AIw==",
      "dev": true
    },
    "@types/node": {
      "version": "11.12.2",
      "resolved": "https://registry.npmjs.org/@types/node/-/node-11.12.2.tgz",
      "integrity": "sha512-c82MtnqWB/CqqK7/zit74Ob8H1dBdV7bK+BcErwtXbe0+nUGkgzq5NTDmRW/pAv2lFtmeNmW95b0zK2hxpeklg==",
      "dev": true
    },
    "acorn": {
      "version": "6.1.1",
      "resolved": "https://registry.npmjs.org/acorn/-/acorn-6.1.1.tgz",
      "integrity": "sha512-jPTiwtOxaHNaAPg/dmrJ/beuzLRnXtB0kQPQ8JpotKJgTB6rX6c8mlf315941pyjBSaPg8NHXS9fhP4u17DpGA==",
      "dev": true
    },
    "rollup": {
      "version": "1.7.4",
      "resolved": "https://registry.npmjs.org/rollup/-/rollup-1.7.4.tgz",
      "integrity": "sha512-nc86fETLHdozhRWlW/uNVIQ7ODuA1vU2/L8znAxP9TNMx1NA6GTth3llqoxxCle2kkyui+OfGzbKaQxD60NJjA==",
      "dev": true,
      "requires": {
        "@types/estree": "0.0.39",
        "@types/node": "^11.11.6",
        "acorn": "^6.1.1"
      }
    }
  }
}
